<?xml version="1.0" encoding="utf-8"?>
<Project ToolsVersion="4.0" xmlns="http://schemas.microsoft.com/developer/msbuild/2003">
  <ItemGroup>
    <Filter Include="Hai">
      <UniqueIdentifier>{17F2870B-83FB-877C-0C77-9E7C787F937C}</UniqueIdentifier>
    </Filter>
  </ItemGroup>
  <ItemGroup>
    <ClInclude Include="src\Hai.h" />
    <ClInclude Include="src\Hai\Application.h">
      <Filter>Hai</Filter>
    </ClInclude>
    <ClInclude Include="src\Hai\Core.h">
      <Filter>Hai</Filter>
    </ClInclude>
    <ClInclude Include="src\Hai\EntryPoint.h">
      <Filter>Hai</Filter>
    </ClInclude>
    <ClInclude Include="src\Hai\Log.h">
      <Filter>Hai</Filter>
    </ClInclude>
  </ItemGroup>
  <ItemGroup>
    <ClCompile Include="src\Hai\Application.cpp">
      <Filter>Hai</Filter>
    </ClCompile>
    <ClCompile Include="src\Hai\Log.cpp">
      <Filter>Hai</Filter>
    </ClCompile>
  </ItemGroup>
</Project>